
Microsoft Visual Studio Solution File, Format Version 12.00
# Visual Studio 15
VisualStudioVersion = 15.0.28010.2026
MinimumVisualStudioVersion = 10.0.40219.1
Project("{FAE04EC0-301F-11D3-BF4B-00C04F79EFBC}") = "Craps", "Craps\Craps.csproj", "{591CB8A8-514D-46B8-9B67-EF5996456198}"
EndProject
Global
	GlobalSection(SolutionConfigurationPlatforms) = preSolution
		Debug|Any CPU = Debug|Any CPU
		Release|Any CPU = Release|Any CPU
	EndGlobalSection
	GlobalSection(ProjectConfigurationPlatforms) = postSolution
		{591CB8A8-514D-46B8-9B67-EF5996456198}.Debug|Any CPU.ActiveCfg = Debug|Any CPU
		{591CB8A8-514D-46B8-9B67-EF5996456198}.Debug|Any CPU.Build.0 = Debug|Any CPU
		{591CB8A8-514D-46B8-9B67-EF5996456198}.Release|Any CPU.ActiveCfg = Release|Any CPU
		{591CB8A8-514D-46B8-9B67-EF5996456198}.Release|Any CPU.Build.0 = Release|Any CPU
	EndGlobalSection
	GlobalSection(SolutionProperties) = preSolution
		HideSolutionNode = FALSE
	EndGlobalSection
	GlobalSection(ExtensibilityGlobals) = postSolution
		SolutionGuid = {9DF4F9EF-C6F5-4206-9C38-E2909DB77101}
	EndGlobalSection
EndGlobal
